
Microsoft Visual Studio Solution File, Format Version 12.00
# Visual Studio 2013
VisualStudioVersion = 12.0.30723.0
MinimumVisualStudioVersion = 10.0.40219.1
Project("{FAE04EC0-301F-11D3-BF4B-00C04F79EFBC}") = "CoinsApplication", "CoinsApplication\CoinsApplication.csproj", "{092F5A9F-F6AD-4D3D-89BE-B9ABE3D57A89}"
EndProject
Project("{FAE04EC0-301F-11D3-BF4B-00C04F79EFBC}") = "CoinsApplication.DAO", "CoinsApplication.DAO\CoinsApplication.DAO.csproj", "{C6C1445C-21FB-4A35-95F6-AE4DC1DBCBA0}"
EndProject
Project("{FAE04EC0-301F-11D3-BF4B-00C04F79EFBC}") = "WpfApplication1", "WpfApplication1\WpfApplication1.csproj", "{38BE4FDD-1651-49BA-93A3-1FC94F128420}"
EndProject
Global
	GlobalSection(SolutionConfigurationPlatforms) = preSolution
		Debug|Any CPU = Debug|Any CPU
		Release|Any CPU = Release|Any CPU
	EndGlobalSection
	GlobalSection(ProjectConfigurationPlatforms) = postSolution
		{092F5A9F-F6AD-4D3D-89BE-B9ABE3D57A89}.Debug|Any CPU.ActiveCfg = Debug|Any CPU
		{092F5A9F-F6AD-4D3D-89BE-B9ABE3D57A89}.Debug|Any CPU.Build.0 = Debug|Any CPU
		{092F5A9F-F6AD-4D3D-89BE-B9ABE3D57A89}.Release|Any CPU.ActiveCfg = Release|Any CPU
		{092F5A9F-F6AD-4D3D-89BE-B9ABE3D57A89}.Release|Any CPU.Build.0 = Release|Any CPU
		{C6C1445C-21FB-4A35-95F6-AE4DC1DBCBA0}.Debug|Any CPU.ActiveCfg = Debug|Any CPU
		{C6C1445C-21FB-4A35-95F6-AE4DC1DBCBA0}.Debug|Any CPU.Build.0 = Debug|Any CPU
		{C6C1445C-21FB-4A35-95F6-AE4DC1DBCBA0}.Release|Any CPU.ActiveCfg = Release|Any CPU
		{C6C1445C-21FB-4A35-95F6-AE4DC1DBCBA0}.Release|Any CPU.Build.0 = Release|Any CPU
		{38BE4FDD-1651-49BA-93A3-1FC94F128420}.Debug|Any CPU.ActiveCfg = Debug|Any CPU
		{38BE4FDD-1651-49BA-93A3-1FC94F128420}.Debug|Any CPU.Build.0 = Debug|Any CPU
		{38BE4FDD-1651-49BA-93A3-1FC94F128420}.Release|Any CPU.ActiveCfg = Release|Any CPU
		{38BE4FDD-1651-49BA-93A3-1FC94F128420}.Release|Any CPU.Build.0 = Release|Any CPU
	EndGlobalSection
	GlobalSection(SolutionProperties) = preSolution
		HideSolutionNode = FALSE
	EndGlobalSection
EndGlobal
