
Microsoft Visual Studio Solution File, Format Version 12.00
# Visual Studio 14
VisualStudioVersion = 14.0.24720.0
MinimumVisualStudioVersion = 10.0.40219.1
Project("{FAE04EC0-301F-11D3-BF4B-00C04F79EFBC}") = "CoinsApplication", "CoinsApplication\CoinsApplication.csproj", "{092F5A9F-F6AD-4D3D-89BE-B9ABE3D57A89}"
EndProject
Project("{FAE04EC0-301F-11D3-BF4B-00C04F79EFBC}") = "CoinsApplication.DAL", "CoinsApplication.DAL\CoinsApplication.DAL.csproj", "{E453094C-DB88-4369-A08C-45B17B6BD282}"
EndProject
Project("{FAE04EC0-301F-11D3-BF4B-00C04F79EFBC}") = "CoinsApplication.Services", "CoinsApplication.Services\CoinsApplication.Services.csproj", "{8AB151DD-3C63-45B2-94BB-7678CCBD3D32}"
EndProject
Project("{FAE04EC0-301F-11D3-BF4B-00C04F79EFBC}") = "CoinsApplication.DAL.NHibernate", "CoinsApplication.DAL.NHibernate\CoinsApplication.DAL.NHibernate.csproj", "{3322F3E2-B082-4CCB-8228-151367E22A21}"
EndProject
Project("{FAE04EC0-301F-11D3-BF4B-00C04F79EFBC}") = "CoinsApplication.DAL.Infrastructure", "CoinsApplication.DAL.Infrastructure\CoinsApplication.DAL.Infrastructure.csproj", "{CA36C53D-D6E9-42BE-A1AF-E5A31FB7B6C6}"
EndProject
Project("{FAE04EC0-301F-11D3-BF4B-00C04F79EFBC}") = "CoinsApplication.DAL.NHibernate.Migrations", "CoinsApplication.DAL.NHibernate.Migrations\CoinsApplication.DAL.NHibernate.Migrations.csproj", "{092AEACF-4797-4295-8834-90915ECFB06D}"
EndProject
Project("{FAE04EC0-301F-11D3-BF4B-00C04F79EFBC}") = "CoinsApplication.DAL.NHibernate.Mappings", "CoinsApplication.DAL.NHibernate.Mappings\CoinsApplication.DAL.NHibernate.Mappings.csproj", "{64CAE581-6518-4762-AD15-4B8576E517B5}"
EndProject
Project("{FAE04EC0-301F-11D3-BF4B-00C04F79EFBC}") = "CoinsApplication.Misc", "CoinsApplication.Misc\CoinsApplication.Misc.csproj", "{A728708F-2FC6-412B-961E-B9AFB7130F2A}"
EndProject
Project("{FAE04EC0-301F-11D3-BF4B-00C04F79EFBC}") = "CoinsApplication.Services.Interfaces", "CoinsApplication.Services.Interfaces\CoinsApplication.Services.Interfaces.csproj", "{F26B035D-41EF-4934-A433-A680D49B3A29}"
EndProject
Project("{930C7802-8A8C-48F9-8165-68863BCCD9DD}") = "CoinsApplication.Installer", "CoinsApplication.Installer\CoinsApplication.Installer.wixproj", "{862C8321-5353-4167-9CCF-C63355BD18B1}"
EndProject
Global
	GlobalSection(SolutionConfigurationPlatforms) = preSolution
		Debug|Any CPU = Debug|Any CPU
		Debug|x86 = Debug|x86
		Release|Any CPU = Release|Any CPU
		Release|x86 = Release|x86
	EndGlobalSection
	GlobalSection(ProjectConfigurationPlatforms) = postSolution
		{092F5A9F-F6AD-4D3D-89BE-B9ABE3D57A89}.Debug|Any CPU.ActiveCfg = Debug|Any CPU
		{092F5A9F-F6AD-4D3D-89BE-B9ABE3D57A89}.Debug|Any CPU.Build.0 = Debug|Any CPU
		{092F5A9F-F6AD-4D3D-89BE-B9ABE3D57A89}.Debug|x86.ActiveCfg = Debug|Any CPU
		{092F5A9F-F6AD-4D3D-89BE-B9ABE3D57A89}.Debug|x86.Build.0 = Debug|Any CPU
		{092F5A9F-F6AD-4D3D-89BE-B9ABE3D57A89}.Release|Any CPU.ActiveCfg = Release|Any CPU
		{092F5A9F-F6AD-4D3D-89BE-B9ABE3D57A89}.Release|Any CPU.Build.0 = Release|Any CPU
		{092F5A9F-F6AD-4D3D-89BE-B9ABE3D57A89}.Release|x86.ActiveCfg = Release|Any CPU
		{092F5A9F-F6AD-4D3D-89BE-B9ABE3D57A89}.Release|x86.Build.0 = Release|Any CPU
		{E453094C-DB88-4369-A08C-45B17B6BD282}.Debug|Any CPU.ActiveCfg = Debug|Any CPU
		{E453094C-DB88-4369-A08C-45B17B6BD282}.Debug|Any CPU.Build.0 = Debug|Any CPU
		{E453094C-DB88-4369-A08C-45B17B6BD282}.Debug|x86.ActiveCfg = Debug|Any CPU
		{E453094C-DB88-4369-A08C-45B17B6BD282}.Debug|x86.Build.0 = Debug|Any CPU
		{E453094C-DB88-4369-A08C-45B17B6BD282}.Release|Any CPU.ActiveCfg = Release|Any CPU
		{E453094C-DB88-4369-A08C-45B17B6BD282}.Release|Any CPU.Build.0 = Release|Any CPU
		{E453094C-DB88-4369-A08C-45B17B6BD282}.Release|x86.ActiveCfg = Release|Any CPU
		{E453094C-DB88-4369-A08C-45B17B6BD282}.Release|x86.Build.0 = Release|Any CPU
		{8AB151DD-3C63-45B2-94BB-7678CCBD3D32}.Debug|Any CPU.ActiveCfg = Debug|Any CPU
		{8AB151DD-3C63-45B2-94BB-7678CCBD3D32}.Debug|Any CPU.Build.0 = Debug|Any CPU
		{8AB151DD-3C63-45B2-94BB-7678CCBD3D32}.Debug|x86.ActiveCfg = Debug|Any CPU
		{8AB151DD-3C63-45B2-94BB-7678CCBD3D32}.Debug|x86.Build.0 = Debug|Any CPU
		{8AB151DD-3C63-45B2-94BB-7678CCBD3D32}.Release|Any CPU.ActiveCfg = Release|Any CPU
		{8AB151DD-3C63-45B2-94BB-7678CCBD3D32}.Release|Any CPU.Build.0 = Release|Any CPU
		{8AB151DD-3C63-45B2-94BB-7678CCBD3D32}.Release|x86.ActiveCfg = Release|Any CPU
		{8AB151DD-3C63-45B2-94BB-7678CCBD3D32}.Release|x86.Build.0 = Release|Any CPU
		{3322F3E2-B082-4CCB-8228-151367E22A21}.Debug|Any CPU.ActiveCfg = Debug|Any CPU
		{3322F3E2-B082-4CCB-8228-151367E22A21}.Debug|Any CPU.Build.0 = Debug|Any CPU
		{3322F3E2-B082-4CCB-8228-151367E22A21}.Debug|x86.ActiveCfg = Debug|Any CPU
		{3322F3E2-B082-4CCB-8228-151367E22A21}.Debug|x86.Build.0 = Debug|Any CPU
		{3322F3E2-B082-4CCB-8228-151367E22A21}.Release|Any CPU.ActiveCfg = Release|Any CPU
		{3322F3E2-B082-4CCB-8228-151367E22A21}.Release|Any CPU.Build.0 = Release|Any CPU
		{3322F3E2-B082-4CCB-8228-151367E22A21}.Release|x86.ActiveCfg = Release|Any CPU
		{3322F3E2-B082-4CCB-8228-151367E22A21}.Release|x86.Build.0 = Release|Any CPU
		{CA36C53D-D6E9-42BE-A1AF-E5A31FB7B6C6}.Debug|Any CPU.ActiveCfg = Debug|Any CPU
		{CA36C53D-D6E9-42BE-A1AF-E5A31FB7B6C6}.Debug|Any CPU.Build.0 = Debug|Any CPU
		{CA36C53D-D6E9-42BE-A1AF-E5A31FB7B6C6}.Debug|x86.ActiveCfg = Debug|Any CPU
		{CA36C53D-D6E9-42BE-A1AF-E5A31FB7B6C6}.Debug|x86.Build.0 = Debug|Any CPU
		{CA36C53D-D6E9-42BE-A1AF-E5A31FB7B6C6}.Release|Any CPU.ActiveCfg = Release|Any CPU
		{CA36C53D-D6E9-42BE-A1AF-E5A31FB7B6C6}.Release|Any CPU.Build.0 = Release|Any CPU
		{CA36C53D-D6E9-42BE-A1AF-E5A31FB7B6C6}.Release|x86.ActiveCfg = Release|Any CPU
		{CA36C53D-D6E9-42BE-A1AF-E5A31FB7B6C6}.Release|x86.Build.0 = Release|Any CPU
		{092AEACF-4797-4295-8834-90915ECFB06D}.Debug|Any CPU.ActiveCfg = Debug|Any CPU
		{092AEACF-4797-4295-8834-90915ECFB06D}.Debug|Any CPU.Build.0 = Debug|Any CPU
		{092AEACF-4797-4295-8834-90915ECFB06D}.Debug|x86.ActiveCfg = Debug|Any CPU
		{092AEACF-4797-4295-8834-90915ECFB06D}.Debug|x86.Build.0 = Debug|Any CPU
		{092AEACF-4797-4295-8834-90915ECFB06D}.Release|Any CPU.ActiveCfg = Release|Any CPU
		{092AEACF-4797-4295-8834-90915ECFB06D}.Release|Any CPU.Build.0 = Release|Any CPU
		{092AEACF-4797-4295-8834-90915ECFB06D}.Release|x86.ActiveCfg = Release|Any CPU
		{092AEACF-4797-4295-8834-90915ECFB06D}.Release|x86.Build.0 = Release|Any CPU
		{64CAE581-6518-4762-AD15-4B8576E517B5}.Debug|Any CPU.ActiveCfg = Debug|Any CPU
		{64CAE581-6518-4762-AD15-4B8576E517B5}.Debug|Any CPU.Build.0 = Debug|Any CPU
		{64CAE581-6518-4762-AD15-4B8576E517B5}.Debug|x86.ActiveCfg = Debug|Any CPU
		{64CAE581-6518-4762-AD15-4B8576E517B5}.Debug|x86.Build.0 = Debug|Any CPU
		{64CAE581-6518-4762-AD15-4B8576E517B5}.Release|Any CPU.ActiveCfg = Release|Any CPU
		{64CAE581-6518-4762-AD15-4B8576E517B5}.Release|Any CPU.Build.0 = Release|Any CPU
		{64CAE581-6518-4762-AD15-4B8576E517B5}.Release|x86.ActiveCfg = Release|Any CPU
		{64CAE581-6518-4762-AD15-4B8576E517B5}.Release|x86.Build.0 = Release|Any CPU
		{A728708F-2FC6-412B-961E-B9AFB7130F2A}.Debug|Any CPU.ActiveCfg = Debug|Any CPU
		{A728708F-2FC6-412B-961E-B9AFB7130F2A}.Debug|Any CPU.Build.0 = Debug|Any CPU
		{A728708F-2FC6-412B-961E-B9AFB7130F2A}.Debug|x86.ActiveCfg = Debug|Any CPU
		{A728708F-2FC6-412B-961E-B9AFB7130F2A}.Debug|x86.Build.0 = Debug|Any CPU
		{A728708F-2FC6-412B-961E-B9AFB7130F2A}.Release|Any CPU.ActiveCfg = Release|Any CPU
		{A728708F-2FC6-412B-961E-B9AFB7130F2A}.Release|Any CPU.Build.0 = Release|Any CPU
		{A728708F-2FC6-412B-961E-B9AFB7130F2A}.Release|x86.ActiveCfg = Release|Any CPU
		{A728708F-2FC6-412B-961E-B9AFB7130F2A}.Release|x86.Build.0 = Release|Any CPU
		{F26B035D-41EF-4934-A433-A680D49B3A29}.Debug|Any CPU.ActiveCfg = Debug|Any CPU
		{F26B035D-41EF-4934-A433-A680D49B3A29}.Debug|Any CPU.Build.0 = Debug|Any CPU
		{F26B035D-41EF-4934-A433-A680D49B3A29}.Debug|x86.ActiveCfg = Debug|Any CPU
		{F26B035D-41EF-4934-A433-A680D49B3A29}.Debug|x86.Build.0 = Debug|Any CPU
		{F26B035D-41EF-4934-A433-A680D49B3A29}.Release|Any CPU.ActiveCfg = Release|Any CPU
		{F26B035D-41EF-4934-A433-A680D49B3A29}.Release|Any CPU.Build.0 = Release|Any CPU
		{F26B035D-41EF-4934-A433-A680D49B3A29}.Release|x86.ActiveCfg = Release|Any CPU
		{F26B035D-41EF-4934-A433-A680D49B3A29}.Release|x86.Build.0 = Release|Any CPU
		{862C8321-5353-4167-9CCF-C63355BD18B1}.Debug|Any CPU.ActiveCfg = Debug|x86
		{862C8321-5353-4167-9CCF-C63355BD18B1}.Debug|x86.ActiveCfg = Debug|x86
		{862C8321-5353-4167-9CCF-C63355BD18B1}.Debug|x86.Build.0 = Debug|x86
		{862C8321-5353-4167-9CCF-C63355BD18B1}.Release|Any CPU.ActiveCfg = Release|x86
		{862C8321-5353-4167-9CCF-C63355BD18B1}.Release|x86.ActiveCfg = Release|x86
		{862C8321-5353-4167-9CCF-C63355BD18B1}.Release|x86.Build.0 = Release|x86
	EndGlobalSection
	GlobalSection(SolutionProperties) = preSolution
		HideSolutionNode = FALSE
	EndGlobalSection
EndGlobal
